
Microsoft Visual Studio Solution File, Format Version 12.00
# Visual Studio 2013
VisualStudioVersion = 12.0.21005.1
MinimumVisualStudioVersion = 10.0.40219.1
Project("{E24C65DC-7377-472B-9ABA-BC803B73C61A}") = "TabMenu", "http://localhost:42342", "{F5FB955F-0AAD-44B3-8B16-F99839BB89C1}"
	ProjectSection(WebsiteProperties) = preProject
		UseIISExpress = "true"
		TargetFrameworkMoniker = ".NETFramework,Version%3Dv4.5"
		Debug.AspNetCompiler.VirtualPath = "/localhost_42342"
		Debug.AspNetCompiler.PhysicalPath = "..\..\..\..\Desktop\shanchen.git\trunk\选项卡菜单\TabMenu\"
		Debug.AspNetCompiler.TargetPath = "PrecompiledWeb\localhost_42342\"
		Debug.AspNetCompiler.Updateable = "true"
		Debug.AspNetCompiler.ForceOverwrite = "true"
		Debug.AspNetCompiler.FixedNames = "false"
		Debug.AspNetCompiler.Debug = "True"
		Release.AspNetCompiler.VirtualPath = "/localhost_42342"
		Release.AspNetCompiler.PhysicalPath = "..\..\..\..\Desktop\shanchen.git\trunk\选项卡菜单\TabMenu\"
		Release.AspNetCompiler.TargetPath = "PrecompiledWeb\localhost_42342\"
		Release.AspNetCompiler.Updateable = "true"
		Release.AspNetCompiler.ForceOverwrite = "true"
		Release.AspNetCompiler.FixedNames = "false"
		Release.AspNetCompiler.Debug = "False"
		SlnRelativePath = "..\..\..\..\Desktop\shanchen.git\trunk\选项卡菜单\TabMenu\"
	EndProjectSection
EndProject
Global
	GlobalSection(SolutionConfigurationPlatforms) = preSolution
		Debug|Any CPU = Debug|Any CPU
	EndGlobalSection
	GlobalSection(ProjectConfigurationPlatforms) = postSolution
		{F5FB955F-0AAD-44B3-8B16-F99839BB89C1}.Debug|Any CPU.ActiveCfg = Debug|Any CPU
		{F5FB955F-0AAD-44B3-8B16-F99839BB89C1}.Debug|Any CPU.Build.0 = Debug|Any CPU
	EndGlobalSection
	GlobalSection(SolutionProperties) = preSolution
		HideSolutionNode = FALSE
	EndGlobalSection
EndGlobal
